
Microsoft Visual Studio Solution File, Format Version 12.00
# Visual Studio Version 16
VisualStudioVersion = 16.0.28803.156
MinimumVisualStudioVersion = 10.0.40219.1
Project("{FAE04EC0-301F-11D3-BF4B-00C04F79EFBC}") = "PGP.UWP", "PGP\PGP.UWP\PGP.UWP.csproj", "{34E3E672-E88C-4E32-BBB1-3B4CA3810F18}"
EndProject
Project("{FAE04EC0-301F-11D3-BF4B-00C04F79EFBC}") = "PGP.Android", "PGP\PGP.Android\PGP.Android.csproj", "{072C5C21-8A7D-486E-8A7E-6FE2359EC40F}"
EndProject
Project("{FAE04EC0-301F-11D3-BF4B-00C04F79EFBC}") = "PGP.iOS", "PGP\PGP.iOS\PGP.iOS.csproj", "{14B20DB4-A469-44E7-9A96-017185AAF87A}"
EndProject
Project("{FAE04EC0-301F-11D3-BF4B-00C04F79EFBC}") = "PGP", "PGP\PGP\PGP.csproj", "{5F6E77B7-BB00-47E2-ABE5-E6CF51A9669A}"
EndProject
Global
	GlobalSection(SolutionConfigurationPlatforms) = preSolution
		Debug|Any CPU = Debug|Any CPU
		Debug|ARM = Debug|ARM
		Debug|iPhone = Debug|iPhone
		Debug|iPhoneSimulator = Debug|iPhoneSimulator
		Debug|x64 = Debug|x64
		Debug|x86 = Debug|x86
		Release|Any CPU = Release|Any CPU
		Release|ARM = Release|ARM
		Release|iPhone = Release|iPhone
		Release|iPhoneSimulator = Release|iPhoneSimulator
		Release|x64 = Release|x64
		Release|x86 = Release|x86
	EndGlobalSection
	GlobalSection(ProjectConfigurationPlatforms) = postSolution
		{34E3E672-E88C-4E32-BBB1-3B4CA3810F18}.Debug|Any CPU.ActiveCfg = Debug|x86
		{34E3E672-E88C-4E32-BBB1-3B4CA3810F18}.Debug|Any CPU.Build.0 = Debug|x86
		{34E3E672-E88C-4E32-BBB1-3B4CA3810F18}.Debug|Any CPU.Deploy.0 = Debug|x86
		{34E3E672-E88C-4E32-BBB1-3B4CA3810F18}.Debug|ARM.ActiveCfg = Debug|ARM
		{34E3E672-E88C-4E32-BBB1-3B4CA3810F18}.Debug|ARM.Build.0 = Debug|ARM
		{34E3E672-E88C-4E32-BBB1-3B4CA3810F18}.Debug|ARM.Deploy.0 = Debug|ARM
		{34E3E672-E88C-4E32-BBB1-3B4CA3810F18}.Debug|iPhone.ActiveCfg = Debug|x86
		{34E3E672-E88C-4E32-BBB1-3B4CA3810F18}.Debug|iPhone.Build.0 = Debug|x86
		{34E3E672-E88C-4E32-BBB1-3B4CA3810F18}.Debug|iPhone.Deploy.0 = Debug|x86
		{34E3E672-E88C-4E32-BBB1-3B4CA3810F18}.Debug|iPhoneSimulator.ActiveCfg = Debug|x86
		{34E3E672-E88C-4E32-BBB1-3B4CA3810F18}.Debug|iPhoneSimulator.Build.0 = Debug|x86
		{34E3E672-E88C-4E32-BBB1-3B4CA3810F18}.Debug|iPhoneSimulator.Deploy.0 = Debug|x86
		{34E3E672-E88C-4E32-BBB1-3B4CA3810F18}.Debug|x64.ActiveCfg = Debug|x64
		{34E3E672-E88C-4E32-BBB1-3B4CA3810F18}.Debug|x64.Build.0 = Debug|x64
		{34E3E672-E88C-4E32-BBB1-3B4CA3810F18}.Debug|x64.Deploy.0 = Debug|x64
		{34E3E672-E88C-4E32-BBB1-3B4CA3810F18}.Debug|x86.ActiveCfg = Debug|x86
		{34E3E672-E88C-4E32-BBB1-3B4CA3810F18}.Debug|x86.Build.0 = Debug|x86
		{34E3E672-E88C-4E32-BBB1-3B4CA3810F18}.Debug|x86.Deploy.0 = Debug|x86
		{34E3E672-E88C-4E32-BBB1-3B4CA3810F18}.Release|Any CPU.ActiveCfg = Release|x86
		{34E3E672-E88C-4E32-BBB1-3B4CA3810F18}.Release|Any CPU.Build.0 = Release|x86
		{34E3E672-E88C-4E32-BBB1-3B4CA3810F18}.Release|Any CPU.Deploy.0 = Release|x86
		{34E3E672-E88C-4E32-BBB1-3B4CA3810F18}.Release|ARM.ActiveCfg = Release|ARM
		{34E3E672-E88C-4E32-BBB1-3B4CA3810F18}.Release|ARM.Build.0 = Release|ARM
		{34E3E672-E88C-4E32-BBB1-3B4CA3810F18}.Release|ARM.Deploy.0 = Release|ARM
		{34E3E672-E88C-4E32-BBB1-3B4CA3810F18}.Release|iPhone.ActiveCfg = Release|x86
		{34E3E672-E88C-4E32-BBB1-3B4CA3810F18}.Release|iPhone.Build.0 = Release|x86
		{34E3E672-E88C-4E32-BBB1-3B4CA3810F18}.Release|iPhone.Deploy.0 = Release|x86
		{34E3E672-E88C-4E32-BBB1-3B4CA3810F18}.Release|iPhoneSimulator.ActiveCfg = Release|x86
		{34E3E672-E88C-4E32-BBB1-3B4CA3810F18}.Release|iPhoneSimulator.Build.0 = Release|x86
		{34E3E672-E88C-4E32-BBB1-3B4CA3810F18}.Release|iPhoneSimulator.Deploy.0 = Release|x86
		{34E3E672-E88C-4E32-BBB1-3B4CA3810F18}.Release|x64.ActiveCfg = Release|x64
		{34E3E672-E88C-4E32-BBB1-3B4CA3810F18}.Release|x64.Build.0 = Release|x64
		{34E3E672-E88C-4E32-BBB1-3B4CA3810F18}.Release|x64.Deploy.0 = Release|x64
		{34E3E672-E88C-4E32-BBB1-3B4CA3810F18}.Release|x86.ActiveCfg = Release|x86
		{34E3E672-E88C-4E32-BBB1-3B4CA3810F18}.Release|x86.Build.0 = Release|x86
		{34E3E672-E88C-4E32-BBB1-3B4CA3810F18}.Release|x86.Deploy.0 = Release|x86
		{072C5C21-8A7D-486E-8A7E-6FE2359EC40F}.Debug|Any CPU.ActiveCfg = Debug|Any CPU
		{072C5C21-8A7D-486E-8A7E-6FE2359EC40F}.Debug|Any CPU.Build.0 = Debug|Any CPU
		{072C5C21-8A7D-486E-8A7E-6FE2359EC40F}.Debug|Any CPU.Deploy.0 = Debug|Any CPU
		{072C5C21-8A7D-486E-8A7E-6FE2359EC40F}.Debug|ARM.ActiveCfg = Debug|Any CPU
		{072C5C21-8A7D-486E-8A7E-6FE2359EC40F}.Debug|ARM.Build.0 = Debug|Any CPU
		{072C5C21-8A7D-486E-8A7E-6FE2359EC40F}.Debug|ARM.Deploy.0 = Debug|Any CPU
		{072C5C21-8A7D-486E-8A7E-6FE2359EC40F}.Debug|iPhone.ActiveCfg = Debug|Any CPU
		{072C5C21-8A7D-486E-8A7E-6FE2359EC40F}.Debug|iPhone.Build.0 = Debug|Any CPU
		{072C5C21-8A7D-486E-8A7E-6FE2359EC40F}.Debug|iPhone.Deploy.0 = Debug|Any CPU
		{072C5C21-8A7D-486E-8A7E-6FE2359EC40F}.Debug|iPhoneSimulator.ActiveCfg = Debug|Any CPU
		{072C5C21-8A7D-486E-8A7E-6FE2359EC40F}.Debug|iPhoneSimulator.Build.0 = Debug|Any CPU
		{072C5C21-8A7D-486E-8A7E-6FE2359EC40F}.Debug|iPhoneSimulator.Deploy.0 = Debug|Any CPU
		{072C5C21-8A7D-486E-8A7E-6FE2359EC40F}.Debug|x64.ActiveCfg = Debug|Any CPU
		{072C5C21-8A7D-486E-8A7E-6FE2359EC40F}.Debug|x64.Build.0 = Debug|Any CPU
		{072C5C21-8A7D-486E-8A7E-6FE2359EC40F}.Debug|x64.Deploy.0 = Debug|Any CPU
		{072C5C21-8A7D-486E-8A7E-6FE2359EC40F}.Debug|x86.ActiveCfg = Debug|Any CPU
		{072C5C21-8A7D-486E-8A7E-6FE2359EC40F}.Debug|x86.Build.0 = Debug|Any CPU
		{072C5C21-8A7D-486E-8A7E-6FE2359EC40F}.Debug|x86.Deploy.0 = Debug|Any CPU
		{072C5C21-8A7D-486E-8A7E-6FE2359EC40F}.Release|Any CPU.ActiveCfg = Release|Any CPU
		{072C5C21-8A7D-486E-8A7E-6FE2359EC40F}.Release|Any CPU.Build.0 = Release|Any CPU
		{072C5C21-8A7D-486E-8A7E-6FE2359EC40F}.Release|Any CPU.Deploy.0 = Release|Any CPU
		{072C5C21-8A7D-486E-8A7E-6FE2359EC40F}.Release|ARM.ActiveCfg = Release|Any CPU
		{072C5C21-8A7D-486E-8A7E-6FE2359EC40F}.Release|ARM.Build.0 = Release|Any CPU
		{072C5C21-8A7D-486E-8A7E-6FE2359EC40F}.Release|ARM.Deploy.0 = Release|Any CPU
		{072C5C21-8A7D-486E-8A7E-6FE2359EC40F}.Release|iPhone.ActiveCfg = Release|Any CPU
		{072C5C21-8A7D-486E-8A7E-6FE2359EC40F}.Release|iPhone.Build.0 = Release|Any CPU
		{072C5C21-8A7D-486E-8A7E-6FE2359EC40F}.Release|iPhone.Deploy.0 = Release|Any CPU
		{072C5C21-8A7D-486E-8A7E-6FE2359EC40F}.Release|iPhoneSimulator.ActiveCfg = Release|Any CPU
		{072C5C21-8A7D-486E-8A7E-6FE2359EC40F}.Release|iPhoneSimulator.Build.0 = Release|Any CPU
		{072C5C21-8A7D-486E-8A7E-6FE2359EC40F}.Release|iPhoneSimulator.Deploy.0 = Release|Any CPU
		{072C5C21-8A7D-486E-8A7E-6FE2359EC40F}.Release|x64.ActiveCfg = Release|Any CPU
		{072C5C21-8A7D-486E-8A7E-6FE2359EC40F}.Release|x64.Build.0 = Release|Any CPU
		{072C5C21-8A7D-486E-8A7E-6FE2359EC40F}.Release|x64.Deploy.0 = Release|Any CPU
		{072C5C21-8A7D-486E-8A7E-6FE2359EC40F}.Release|x86.ActiveCfg = Release|Any CPU
		{072C5C21-8A7D-486E-8A7E-6FE2359EC40F}.Release|x86.Build.0 = Release|Any CPU
		{072C5C21-8A7D-486E-8A7E-6FE2359EC40F}.Release|x86.Deploy.0 = Release|Any CPU
		{14B20DB4-A469-44E7-9A96-017185AAF87A}.Debug|Any CPU.ActiveCfg = Debug|iPhone
		{14B20DB4-A469-44E7-9A96-017185AAF87A}.Debug|Any CPU.Build.0 = Debug|iPhone
		{14B20DB4-A469-44E7-9A96-017185AAF87A}.Debug|Any CPU.Deploy.0 = Debug|iPhone
		{14B20DB4-A469-44E7-9A96-017185AAF87A}.Debug|ARM.ActiveCfg = Debug|iPhoneSimulator
		{14B20DB4-A469-44E7-9A96-017185AAF87A}.Debug|ARM.Build.0 = Debug|iPhoneSimulator
		{14B20DB4-A469-44E7-9A96-017185AAF87A}.Debug|ARM.Deploy.0 = Debug|iPhoneSimulator
		{14B20DB4-A469-44E7-9A96-017185AAF87A}.Debug|iPhone.ActiveCfg = Debug|iPhone
		{14B20DB4-A469-44E7-9A96-017185AAF87A}.Debug|iPhone.Build.0 = Debug|iPhone
		{14B20DB4-A469-44E7-9A96-017185AAF87A}.Debug|iPhone.Deploy.0 = Debug|iPhone
		{14B20DB4-A469-44E7-9A96-017185AAF87A}.Debug|iPhoneSimulator.ActiveCfg = Debug|iPhoneSimulator
		{14B20DB4-A469-44E7-9A96-017185AAF87A}.Debug|iPhoneSimulator.Build.0 = Debug|iPhoneSimulator
		{14B20DB4-A469-44E7-9A96-017185AAF87A}.Debug|iPhoneSimulator.Deploy.0 = Debug|iPhoneSimulator
		{14B20DB4-A469-44E7-9A96-017185AAF87A}.Debug|x64.ActiveCfg = Debug|iPhone
		{14B20DB4-A469-44E7-9A96-017185AAF87A}.Debug|x64.Build.0 = Debug|iPhone
		{14B20DB4-A469-44E7-9A96-017185AAF87A}.Debug|x64.Deploy.0 = Debug|iPhone
		{14B20DB4-A469-44E7-9A96-017185AAF87A}.Debug|x86.ActiveCfg = Debug|iPhone
		{14B20DB4-A469-44E7-9A96-017185AAF87A}.Debug|x86.Build.0 = Debug|iPhone
		{14B20DB4-A469-44E7-9A96-017185AAF87A}.Debug|x86.Deploy.0 = Debug|iPhone
		{14B20DB4-A469-44E7-9A96-017185AAF87A}.Release|Any CPU.ActiveCfg = Release|iPhone
		{14B20DB4-A469-44E7-9A96-017185AAF87A}.Release|Any CPU.Build.0 = Release|iPhone
		{14B20DB4-A469-44E7-9A96-017185AAF87A}.Release|Any CPU.Deploy.0 = Release|iPhone
		{14B20DB4-A469-44E7-9A96-017185AAF87A}.Release|ARM.ActiveCfg = Release|iPhone
		{14B20DB4-A469-44E7-9A96-017185AAF87A}.Release|ARM.Build.0 = Release|iPhone
		{14B20DB4-A469-44E7-9A96-017185AAF87A}.Release|ARM.Deploy.0 = Release|iPhone
		{14B20DB4-A469-44E7-9A96-017185AAF87A}.Release|iPhone.ActiveCfg = Release|iPhone
		{14B20DB4-A469-44E7-9A96-017185AAF87A}.Release|iPhone.Build.0 = Release|iPhone
		{14B20DB4-A469-44E7-9A96-017185AAF87A}.Release|iPhone.Deploy.0 = Release|iPhone
		{14B20DB4-A469-44E7-9A96-017185AAF87A}.Release|iPhoneSimulator.ActiveCfg = Release|iPhoneSimulator
		{14B20DB4-A469-44E7-9A96-017185AAF87A}.Release|iPhoneSimulator.Build.0 = Release|iPhoneSimulator
		{14B20DB4-A469-44E7-9A96-017185AAF87A}.Release|iPhoneSimulator.Deploy.0 = Release|iPhoneSimulator
		{14B20DB4-A469-44E7-9A96-017185AAF87A}.Release|x64.ActiveCfg = Release|iPhone
		{14B20DB4-A469-44E7-9A96-017185AAF87A}.Release|x64.Build.0 = Release|iPhone
		{14B20DB4-A469-44E7-9A96-017185AAF87A}.Release|x64.Deploy.0 = Release|iPhone
		{14B20DB4-A469-44E7-9A96-017185AAF87A}.Release|x86.ActiveCfg = Release|iPhone
		{14B20DB4-A469-44E7-9A96-017185AAF87A}.Release|x86.Build.0 = Release|iPhone
		{14B20DB4-A469-44E7-9A96-017185AAF87A}.Release|x86.Deploy.0 = Release|iPhone
		{5F6E77B7-BB00-47E2-ABE5-E6CF51A9669A}.Debug|Any CPU.ActiveCfg = Debug|Any CPU
		{5F6E77B7-BB00-47E2-ABE5-E6CF51A9669A}.Debug|Any CPU.Build.0 = Debug|Any CPU
		{5F6E77B7-BB00-47E2-ABE5-E6CF51A9669A}.Debug|Any CPU.Deploy.0 = Debug|Any CPU
		{5F6E77B7-BB00-47E2-ABE5-E6CF51A9669A}.Debug|ARM.ActiveCfg = Debug|Any CPU
		{5F6E77B7-BB00-47E2-ABE5-E6CF51A9669A}.Debug|ARM.Build.0 = Debug|Any CPU
		{5F6E77B7-BB00-47E2-ABE5-E6CF51A9669A}.Debug|ARM.Deploy.0 = Debug|Any CPU
		{5F6E77B7-BB00-47E2-ABE5-E6CF51A9669A}.Debug|iPhone.ActiveCfg = Debug|Any CPU
		{5F6E77B7-BB00-47E2-ABE5-E6CF51A9669A}.Debug|iPhone.Build.0 = Debug|Any CPU
		{5F6E77B7-BB00-47E2-ABE5-E6CF51A9669A}.Debug|iPhone.Deploy.0 = Debug|Any CPU
		{5F6E77B7-BB00-47E2-ABE5-E6CF51A9669A}.Debug|iPhoneSimulator.ActiveCfg = Debug|Any CPU
		{5F6E77B7-BB00-47E2-ABE5-E6CF51A9669A}.Debug|iPhoneSimulator.Build.0 = Debug|Any CPU
		{5F6E77B7-BB00-47E2-ABE5-E6CF51A9669A}.Debug|iPhoneSimulator.Deploy.0 = Debug|Any CPU
		{5F6E77B7-BB00-47E2-ABE5-E6CF51A9669A}.Debug|x64.ActiveCfg = Debug|Any CPU
		{5F6E77B7-BB00-47E2-ABE5-E6CF51A9669A}.Debug|x64.Build.0 = Debug|Any CPU
		{5F6E77B7-BB00-47E2-ABE5-E6CF51A9669A}.Debug|x64.Deploy.0 = Debug|Any CPU
		{5F6E77B7-BB00-47E2-ABE5-E6CF51A9669A}.Debug|x86.ActiveCfg = Debug|Any CPU
		{5F6E77B7-BB00-47E2-ABE5-E6CF51A9669A}.Debug|x86.Build.0 = Debug|Any CPU
		{5F6E77B7-BB00-47E2-ABE5-E6CF51A9669A}.Debug|x86.Deploy.0 = Debug|Any CPU
		{5F6E77B7-BB00-47E2-ABE5-E6CF51A9669A}.Release|Any CPU.ActiveCfg = Release|Any CPU
		{5F6E77B7-BB00-47E2-ABE5-E6CF51A9669A}.Release|Any CPU.Build.0 = Release|Any CPU
		{5F6E77B7-BB00-47E2-ABE5-E6CF51A9669A}.Release|Any CPU.Deploy.0 = Release|Any CPU
		{5F6E77B7-BB00-47E2-ABE5-E6CF51A9669A}.Release|ARM.ActiveCfg = Release|Any CPU
		{5F6E77B7-BB00-47E2-ABE5-E6CF51A9669A}.Release|ARM.Build.0 = Release|Any CPU
		{5F6E77B7-BB00-47E2-ABE5-E6CF51A9669A}.Release|ARM.Deploy.0 = Release|Any CPU
		{5F6E77B7-BB00-47E2-ABE5-E6CF51A9669A}.Release|iPhone.ActiveCfg = Release|Any CPU
		{5F6E77B7-BB00-47E2-ABE5-E6CF51A9669A}.Release|iPhone.Build.0 = Release|Any CPU
		{5F6E77B7-BB00-47E2-ABE5-E6CF51A9669A}.Release|iPhone.Deploy.0 = Release|Any CPU
		{5F6E77B7-BB00-47E2-ABE5-E6CF51A9669A}.Release|iPhoneSimulator.ActiveCfg = Release|Any CPU
		{5F6E77B7-BB00-47E2-ABE5-E6CF51A9669A}.Release|iPhoneSimulator.Build.0 = Release|Any CPU
		{5F6E77B7-BB00-47E2-ABE5-E6CF51A9669A}.Release|iPhoneSimulator.Deploy.0 = Release|Any CPU
		{5F6E77B7-BB00-47E2-ABE5-E6CF51A9669A}.Release|x64.ActiveCfg = Release|Any CPU
		{5F6E77B7-BB00-47E2-ABE5-E6CF51A9669A}.Release|x64.Build.0 = Release|Any CPU
		{5F6E77B7-BB00-47E2-ABE5-E6CF51A9669A}.Release|x64.Deploy.0 = Release|Any CPU
		{5F6E77B7-BB00-47E2-ABE5-E6CF51A9669A}.Release|x86.ActiveCfg = Release|Any CPU
		{5F6E77B7-BB00-47E2-ABE5-E6CF51A9669A}.Release|x86.Build.0 = Release|Any CPU
		{5F6E77B7-BB00-47E2-ABE5-E6CF51A9669A}.Release|x86.Deploy.0 = Release|Any CPU
	EndGlobalSection
	GlobalSection(SolutionProperties) = preSolution
		HideSolutionNode = FALSE
	EndGlobalSection
	GlobalSection(ExtensibilityGlobals) = postSolution
		SolutionGuid = {2C2A4307-6554-4884-BA69-33D4500F3504}
	EndGlobalSection
EndGlobal
